
Microsoft Visual Studio Solution File, Format Version 12.00
# Visual Studio Version 17
VisualStudioVersion = 17.3.32825.248
MinimumVisualStudioVersion = 10.0.40219.1
Project("{FAE04EC0-301F-11D3-BF4B-00C04F79EFBC}") = "Rirhath", "Rirhath\Rirhath.csproj", "{C88EE95C-E788-4BDA-9990-8C1FEE5C5252}"
EndProject
Global
	GlobalSection(SolutionConfigurationPlatforms) = preSolution
		Debug|Any CPU = Debug|Any CPU
		Release|Any CPU = Release|Any CPU
	EndGlobalSection
	GlobalSection(ProjectConfigurationPlatforms) = postSolution
		{C88EE95C-E788-4BDA-9990-8C1FEE5C5252}.Debug|Any CPU.ActiveCfg = Debug|Any CPU
		{C88EE95C-E788-4BDA-9990-8C1FEE5C5252}.Debug|Any CPU.Build.0 = Debug|Any CPU
		{C88EE95C-E788-4BDA-9990-8C1FEE5C5252}.Release|Any CPU.ActiveCfg = Release|Any CPU
		{C88EE95C-E788-4BDA-9990-8C1FEE5C5252}.Release|Any CPU.Build.0 = Release|Any CPU
	EndGlobalSection
	GlobalSection(SolutionProperties) = preSolution
		HideSolutionNode = FALSE
	EndGlobalSection
	GlobalSection(ExtensibilityGlobals) = postSolution
		SolutionGuid = {955298D6-284D-4F57-BB25-43ADDADF6EE4}
	EndGlobalSection
EndGlobal
