
Microsoft Visual Studio Solution File, Format Version 12.00
# Visual Studio Version 17
VisualStudioVersion = 17.3.32825.248
MinimumVisualStudioVersion = 10.0.40219.1
Project("{9A19103F-16F7-4668-BE54-9A1E7A4F7556}") = "Rirhath", "Rirhath\Rirhath.csproj", "{C88EE95C-E788-4BDA-9990-8C1FEE5C5252}"
EndProject
Project("{2150E333-8FDC-42A3-9474-1A3956D46DE8}") = "Solution Items", "Solution Items", "{29D42A28-513F-4CAA-9DA8-0D1134FBFB52}"
	ProjectSection(SolutionItems) = preProject
		.editorconfig = .editorconfig
	EndProjectSection
EndProject
Project("{FAE04EC0-301F-11D3-BF4B-00C04F79EFBC}") = "Test", "Test\Test.csproj", "{19CA8DFE-ACB8-4F47-A480-C4935072009A}"
EndProject
Global
	GlobalSection(SolutionConfigurationPlatforms) = preSolution
		Debug|Any CPU = Debug|Any CPU
		Release|Any CPU = Release|Any CPU
	EndGlobalSection
	GlobalSection(ProjectConfigurationPlatforms) = postSolution
		{C88EE95C-E788-4BDA-9990-8C1FEE5C5252}.Debug|Any CPU.ActiveCfg = Debug|Any CPU
		{C88EE95C-E788-4BDA-9990-8C1FEE5C5252}.Debug|Any CPU.Build.0 = Debug|Any CPU
		{C88EE95C-E788-4BDA-9990-8C1FEE5C5252}.Release|Any CPU.ActiveCfg = Release|Any CPU
		{C88EE95C-E788-4BDA-9990-8C1FEE5C5252}.Release|Any CPU.Build.0 = Release|Any CPU
		{19CA8DFE-ACB8-4F47-A480-C4935072009A}.Debug|Any CPU.ActiveCfg = Debug|Any CPU
		{19CA8DFE-ACB8-4F47-A480-C4935072009A}.Debug|Any CPU.Build.0 = Debug|Any CPU
		{19CA8DFE-ACB8-4F47-A480-C4935072009A}.Release|Any CPU.ActiveCfg = Release|Any CPU
		{19CA8DFE-ACB8-4F47-A480-C4935072009A}.Release|Any CPU.Build.0 = Release|Any CPU
	EndGlobalSection
	GlobalSection(SolutionProperties) = preSolution
		HideSolutionNode = FALSE
	EndGlobalSection
	GlobalSection(ExtensibilityGlobals) = postSolution
		SolutionGuid = {955298D6-284D-4F57-BB25-43ADDADF6EE4}
	EndGlobalSection
EndGlobal
